
Microsoft Visual Studio Solution File, Format Version 12.00
# Visual Studio Version 17
VisualStudioVersion = 17.9.34728.123
MinimumVisualStudioVersion = 10.0.40219.1
Project("{FAE04EC0-301F-11D3-BF4B-00C04F79EFBC}") = "pyhtonTemp", "pyhtonTemp\pyhtonTemp.csproj", "{63019B7F-DE14-4483-921E-372B3308B7B7}"
EndProject
Global
	GlobalSection(SolutionConfigurationPlatforms) = preSolution
		Debug|Any CPU = Debug|Any CPU
		Release|Any CPU = Release|Any CPU
	EndGlobalSection
	GlobalSection(ProjectConfigurationPlatforms) = postSolution
		{63019B7F-DE14-4483-921E-372B3308B7B7}.Debug|Any CPU.ActiveCfg = Debug|Any CPU
		{63019B7F-DE14-4483-921E-372B3308B7B7}.Debug|Any CPU.Build.0 = Debug|Any CPU
		{63019B7F-DE14-4483-921E-372B3308B7B7}.Release|Any CPU.ActiveCfg = Release|Any CPU
		{63019B7F-DE14-4483-921E-372B3308B7B7}.Release|Any CPU.Build.0 = Release|Any CPU
	EndGlobalSection
	GlobalSection(SolutionProperties) = preSolution
		HideSolutionNode = FALSE
	EndGlobalSection
	GlobalSection(ExtensibilityGlobals) = postSolution
		SolutionGuid = {C956E3D8-BE23-41F1-B134-F05D0AA7A59C}
	EndGlobalSection
EndGlobal
