
Microsoft Visual Studio Solution File, Format Version 12.00
# Visual Studio Version 17
VisualStudioVersion = 17.9.34728.123
MinimumVisualStudioVersion = 10.0.40219.1
Project("{FAE04EC0-301F-11D3-BF4B-00C04F79EFBC}") = "Ai_Plant_Recognition_model", "Ai_Plant_Recognition_model\Ai_Plant_Recognition_model.csproj", "{C295BA1F-5547-4199-A5A1-CBE6543F0078}"
EndProject
Global
	GlobalSection(SolutionConfigurationPlatforms) = preSolution
		Debug|Any CPU = Debug|Any CPU
		Release|Any CPU = Release|Any CPU
	EndGlobalSection
	GlobalSection(ProjectConfigurationPlatforms) = postSolution
		{C295BA1F-5547-4199-A5A1-CBE6543F0078}.Debug|Any CPU.ActiveCfg = Debug|Any CPU
		{C295BA1F-5547-4199-A5A1-CBE6543F0078}.Debug|Any CPU.Build.0 = Debug|Any CPU
		{C295BA1F-5547-4199-A5A1-CBE6543F0078}.Release|Any CPU.ActiveCfg = Release|Any CPU
		{C295BA1F-5547-4199-A5A1-CBE6543F0078}.Release|Any CPU.Build.0 = Release|Any CPU
	EndGlobalSection
	GlobalSection(SolutionProperties) = preSolution
		HideSolutionNode = FALSE
	EndGlobalSection
	GlobalSection(ExtensibilityGlobals) = postSolution
		SolutionGuid = {F5D96087-38FD-4B95-85A2-97FCDAE40822}
	EndGlobalSection
EndGlobal
